{
  "name": "package",
  "lockfileVersion": 2,
  "requires": true,
  "packages": {
    "": {
      "dependencies": {
        "@builder.io/partytown": "^0.6.4"
      }
    },
    "node_modules/@builder.io/partytown": {
      "version": "0.6.4",
      "resolved": "https://registry.npmjs.org/@builder.io/partytown/-/partytown-0.6.4.tgz",
      "integrity": "sha512-W6C7O0eSg6YNujHYZozXK5iJ+V69QVLLLRv+NlmYh1vFe0PUJ3kmAhRCx7rUqI3XAA/KpdyfdxLoopBg3GlfVA==",
      "bin": {
        "partytown": "bin/partytown.cjs"
      }
    }
  },
  "dependencies": {
    "@builder.io/partytown": {
      "version": "0.6.4",
      "resolved": "https://registry.npmjs.org/@builder.io/partytown/-/partytown-0.6.4.tgz",
      "integrity": "sha512-W6C7O0eSg6YNujHYZozXK5iJ+V69QVLLLRv+NlmYh1vFe0PUJ3kmAhRCx7rUqI3XAA/KpdyfdxLoopBg3GlfVA=="
    }
  }
}
